// !$*UTF8*$!
{
	archiveVersion = 1;
	classes = {
	};
	objectVersion = 46;
	objects = {

/* Begin PBXBuildFile section */
		3DBEA7CB1D18F1C20006FE35 /* AppDelegate.swift in Sources */ = {isa = PBXBuildFile; fileRef = 3DBEA7CA1D18F1C20006FE35 /* AppDelegate.swift */; };
		3DBEA7CD1D18F1C20006FE35 /* ViewController.swift in Sources */ = {isa = PBXBuildFile; fileRef = 3DBEA7CC1D18F1C20006FE35 /* ViewController.swift */; };
		3DBEA7D01D18F1C20006FE35 /* Main.storyboard in Resources */ = {isa = PBXBuildFile; fileRef = 3DBEA7CE1D18F1C20006FE35 /* Main.storyboard */; };
		3DBEA7D21D18F1C20006FE35 /* Assets.xcassets in Resources */ = {isa = PBXBuildFile; fileRef = 3DBEA7D11D18F1C20006FE35 /* Assets.xcassets */; };
		3DBEA7D51D18F1C20006FE35 /* LaunchScreen.storyboard in Resources */ = {isa = PBXBuildFile; fileRef = 3DBEA7D31D18F1C20006FE35 /* LaunchScreen.storyboard */; };
/* End PBXBuildFile section */

/* Begin PBXFileReference section */
		3DBEA7C71D18F1C20006FE35 /* TipCalc.app */ = {isa = PBXFileReference; explicitFileType = wrapper.application; includeInIndex = 0; path = TipCalc.app; sourceTree = BUILT_PRODUCTS_DIR; };
		3DBEA7CA1D18F1C20006FE35 /* AppDelegate.swift */ = {isa = PBXFileReference; lastKnownFileType = sourcecode.swift; path = AppDelegate.swift; sourceTree = "<group>"; };
		3DBEA7CC1D18F1C20006FE35 /* ViewController.swift */ = {isa = PBXFileReference; lastKnownFileType = sourcecode.swift; path = ViewController.swift; sourceTree = "<group>"; };
		3DBEA7CF1D18F1C20006FE35 /* Base */ = {isa = PBXFileReference; lastKnownFileType = file.storyboard; name = Base; path = Base.lproj/Main.storyboard; sourceTree = "<group>"; };
		3DBEA7D11D18F1C20006FE35 /* Assets.xcassets */ = {isa = PBXFileReference; lastKnownFileType = folder.assetcatalog; path = Assets.xcassets; sourceTree = "<group>"; };
		3DBEA7D41D18F1C20006FE35 /* Base */ = {isa = PBXFileReference; lastKnownFileType = file.storyboard; name = Base; path = Base.lproj/LaunchScreen.storyboard; sourceTree = "<group>"; };
		3DBEA7D61D18F1C20006FE35 /* Info.plist */ = {isa = PBXFileReference; lastKnownFileType = text.plist.xml; path = Info.plist; sourceTree = "<group>"; };
/* End PBXFileReference section */

/* Begin PBXFrameworksBuildPhase section */
		3DBEA7C41D18F1C20006FE35 /* Frameworks */ = {
			isa = PBXFrameworksBuildPhase;
			buildActionMask = 2147483647;
			files = (
			);
			runOnlyForDeploymentPostprocessing = 0;
		};
/* End PBXFrameworksBuildPhase section */

/* Begin PBXGroup section */
		3DBEA7BE1D18F1C20006FE35 = {
			isa = PBXGroup;
			children = (
				3DBEA7C91D18F1C20006FE35 /* TipCalc */,
				3DBEA7C81D18F1C20006FE35 /* Products */,
			);
			sourceTree = "<group>";
		};
		3DBEA7C81D18F1C20006FE35 /* Products */ = {
			isa = PBXGroup;
			children = (
				3DBEA7C71D18F1C20006FE35 /* TipCalc.app */,
			);
			name = Products;
			sourceTree = "<group>";
		};
		3DBEA7C91D18F1C20006FE35 /* TipCalc */ = {
			isa = PBXGroup;
			children = (
				3DBEA7CA1D18F1C20006FE35 /* AppDelegate.swift */,
				3DBEA7CC1D18F1C20006FE35 /* ViewController.swift */,
				3DBEA7CE1D18F1C20006FE35 /* Main.storyboard */,
				3DBEA7D11D18F1C20006FE35 /* Assets.xcassets */,
				3DBEA7D31D18F1C20006FE35 /* LaunchScreen.storyboard */,
				3DBEA7D61D18F1C20006FE35 /* Info.plist */,
			);
			path = TipCalc;
			sourceTree = "<group>";
		};
/* End PBXGroup section */

/* Begin PBXNativeTarget section */
		3DBEA7C61D18F1C20006FE35 /* TipCalc */ = {
			isa = PBXNativeTarget;
			buildConfigurationList = 3DBEA7D91D18F1C20006FE35 /* Build configuration list for PBXNativeTarget "TipCalc" */;
			buildPhases = (
				3DBEA7C31D18F1C20006FE35 /* Sources */,
				3DBEA7C41D18F1C20006FE35 /* Frameworks */,
				3DBEA7C51D18F1C20006FE35 /* Resources */,
			);
			buildRules = (
			);
			dependencies = (
			);
			name = TipCalc;
			productName = TipCalc;
			productReference = 3DBEA7C71D18F1C20006FE35 /* TipCalc.app */;
			productType = "com.apple.product-type.application";
		};
/* End PBXNativeTarget section */

/* Begin PBXProject section */
		3DBEA7BF1D18F1C20006FE35 /* Project object */ = {
			isa = PBXProject;
			attributes = {
				LastSwiftUpdateCheck = 0730;
				LastUpgradeCheck = 0730;
				ORGANIZATIONNAME = Widap;
				TargetAttributes = {
					3DBEA7C61D18F1C20006FE35 = {
						CreatedOnToolsVersion = 7.3.1;
					};
				};
			};
			buildConfigurationList = 3DBEA7C21D18F1C20006FE35 /* Build configuration list for PBXProject "TipCalc" */;
			compatibilityVersion = "Xcode 3.2";
			developmentRegion = English;
			hasScannedForEncodings = 0;
			knownRegions = (
				en,
				Base,
			);
			mainGroup = 3DBEA7BE1D18F1C20006FE35;
			productRefGroup = 3DBEA7C81D18F1C20006FE35 /* Products */;
			projectDirPath = "";
			projectRoot = "";
			targets = (
				3DBEA7C61D18F1C20006FE35 /* TipCalc */,
			);
		};
/* End PBXProject section */

/* Begin PBXResourcesBuildPhase section */
		3DBEA7C51D18F1C20006FE35 /* Resources */ = {
			isa = PBXResourcesBuildPhase;
			buildActionMask = 2147483647;
			files = (
				3DBEA7D51D18F1C20006FE35 /* LaunchScreen.storyboard in Resources */,
				3DBEA7D21D18F1C20006FE35 /* Assets.xcassets in Resources */,
				3DBEA7D01D18F1C20006FE35 /* Main.storyboard in Resources */,
			);
			runOnlyForDeploymentPostprocessing = 0;
		};
/* End PBXResourcesBuildPhase section */

/* Begin PBXSourcesBuildPhase section */
		3DBEA7C31D18F1C20006FE35 /* Sources */ = {
			isa = PBXSourcesBuildPhase;
			buildActionMask = 2147483647;
			files = (
				3DBEA7CD1D18F1C20006FE35 /* ViewController.swift in Sources */,
				3DBEA7CB1D18F1C20006FE35 /* AppDelegate.swift in Sources */,
			);
			runOnlyForDeploymentPostprocessing = 0;
		};
/* End PBXSourcesBuildPhase section */

/* Begin PBXVariantGroup section */
		3DBEA7CE1D18F1C20006FE35 /* Main.storyboard */ = {
			isa = PBXVariantGroup;
			children = (
				3DBEA7CF1D18F1C20006FE35 /* Base */,
			);
			name = Main.storyboard;
			sourceTree = "<group>";
		};
		3DBEA7D31D18F1C20006FE35 /* LaunchScreen.storyboard */ = {
			isa = PBXVariantGroup;
			children = (
				3DBEA7D41D18F1C20006FE35 /* Base */,
			);
			name = LaunchScreen.storyboard;
			sourceTree = "<group>";
		};
/* End PBXVariantGroup section */

/* Begin XCBuildConfiguration section */
		3DBEA7D71D18F1C20006FE35 /* Debug */ = {
			isa = XCBuildConfiguration;
			buildSettings = {
				ALWAYS_SEARCH_USER_PATHS = NO;
				CLANG_ANALYZER_NONNULL = YES;
				CLANG_CXX_LANGUAGE_STANDARD = "gnu++0x";
				CLANG_CXX_LIBRARY = "libc++";
				CLANG_ENABLE_MODULES = YES;
				CLANG_ENABLE_OBJC_ARC = YES;
				CLANG_WARN_BOOL_CONVERSION = YES;
				CLANG_WARN_CONSTANT_CONVERSION = YES;
				CLANG_WARN_DIRECT_OBJC_ISA_USAGE = YES_ERROR;
				CLANG_WARN_EMPTY_BODY = YES;
				CLANG_WARN_ENUM_CONVERSION = YES;
				CLANG_WARN_INT_CONVERSION = YES;
				CLANG_WARN_OBJC_ROOT_CLASS = YES_ERROR;
				CLANG_WARN_UNREACHABLE_CODE = YES;
				CLANG_WARN__DUPLICATE_METHOD_MATCH = YES;
				"CODE_SIGN_IDENTITY[sdk=iphoneos*]" = "iPhone Developer";
				COPY_PHASE_STRIP = NO;
				DEBUG_INFORMATION_FORMAT = dwarf;
				ENABLE_STRICT_OBJC_MSGSEND = YES;
				ENABLE_TESTABILITY = YES;
				GCC_C_LANGUAGE_STANDARD = gnu99;
				GCC_DYNAMIC_NO_PIC = NO;
				GCC_NO_COMMON_BLOCKS = YES;
				GCC_OPTIMIZATION_LEVEL = 0;
				GCC_PREPROCESSOR_DEFINITIONS = (
					"DEBUG=1",
					"$(inherited)",
				);
				GCC_WARN_64_TO_32_BIT_CONVERSION = YES;
				GCC_WARN_ABOUT_RETURN_TYPE = YES_ERROR;
				GCC_WARN_UNDECLARED_SELECTOR = YES;
				GCC_WARN_UNINITIALIZED_AUTOS = YES_AGGRESSIVE;
				GCC_WARN_UNUSED_FUNCTION = YES;
				GCC_WARN_UNUSED_VARIABLE = YES;
				IPHONEOS_DEPLOYMENT_TARGET = 9.3;
				MTL_ENABLE_DEBUG_INFO = YES;
				ONLY_ACTIVE_ARCH = YES;
				SDKROOT = iphoneos;
				SWIFT_OPTIMIZATION_LEVEL = "-Onone";
			};
			name = Debug;
		};
		3DBEA7D81D18F1C20006FE35 /* Release */ = {
			isa = XCBuildConfiguration;
			buildSettings = {
				ALWAYS_SEARCH_USER_PATHS = NO;
				CLANG_ANALYZER_NONNULL = YES;
				CLANG_CXX_LANGUAGE_STANDARD = "gnu++0x";
				CLANG_CXX_LIBRARY = "libc++";
				CLANG_ENABLE_MODULES = YES;
				CLANG_ENABLE_OBJC_ARC = YES;
				CLANG_WARN_BOOL_CONVERSION = YES;
				CLANG_WARN_CONSTANT_CONVERSION = YES;
				CLANG_WARN_DIRECT_OBJC_ISA_USAGE = YES_ERROR;
				CLANG_WARN_EMPTY_BODY = YES;
				CLANG_WARN_ENUM_CONVERSION = YES;
				CLANG_WARN_INT_CONVERSION = YES;
				CLANG_WARN_OBJC_ROOT_CLASS = YES_ERROR;
				CLANG_WARN_UNREACHABLE_CODE = YES;
				CLANG_WARN__DUPLICATE_METHOD_MATCH = YES;
				"CODE_SIGN_IDENTITY[sdk=iphoneos*]" = "iPhone Developer";
				COPY_PHASE_STRIP = NO;
				DEBUG_INFORMATION_FORMAT = "dwarf-with-dsym";
				ENABLE_NS_ASSERTIONS = NO;
				ENABLE_STRICT_OBJC_MSGSEND = YES;
				GCC_C_LANGUAGE_STANDARD = gnu99;
				GCC_NO_COMMON_BLOCKS = YES;
				GCC_WARN_64_TO_32_BIT_CONVERSION = YES;
				GCC_WARN_ABOUT_RETURN_TYPE = YES_ERROR;
				GCC_WARN_UNDECLARED_SELECTOR = YES;
				GCC_WARN_UNINITIALIZED_AUTOS = YES_AGGRESSIVE;
				GCC_WARN_UNUSED_FUNCTION = YES;
				GCC_WARN_UNUSED_VARIABLE = YES;
				IPHONEOS_DEPLOYMENT_TARGET = 9.3;
				MTL_ENABLE_DEBUG_INFO = NO;
				SDKROOT = iphoneos;
				VALIDATE_PRODUCT = YES;
			};
			name = Release;
		};
		3DBEA7DA1D18F1C20006FE35 /* Debug */ = {
			isa = XCBuildConfiguration;
			buildSettings = {
				ASSETCATALOG_COMPILER_APPICON_NAME = AppIcon;
				INFOPLIST_FILE = TipCalc/Info.plist;
				LD_RUNPATH_SEARCH_PATHS = "$(inherited) @executable_path/Frameworks";
				PRODUCT_BUNDLE_IDENTIFIER = net.widap.TipCalc;
				PRODUCT_NAME = "$(TARGET_NAME)";
			};
			name = Debug;
		};
		3DBEA7DB1D18F1C20006FE35 /* Release */ = {
			isa = XCBuildConfiguration;
			buildSettings = {
				ASSETCATALOG_COMPILER_APPICON_NAME = AppIcon;
				INFOPLIST_FILE = TipCalc/Info.plist;
				LD_RUNPATH_SEARCH_PATHS = "$(inherited) @executable_path/Frameworks";
				PRODUCT_BUNDLE_IDENTIFIER = net.widap.TipCalc;
				PRODUCT_NAME = "$(TARGET_NAME)";
			};
			name = Release;
		};
/* End XCBuildConfiguration section */

/* Begin XCConfigurationList section */
		3DBEA7C21D18F1C20006FE35 /* Build configuration list for PBXProject "TipCalc" */ = {
			isa = XCConfigurationList;
			buildConfigurations = (
				3DBEA7D71D18F1C20006FE35 /* Debug */,
				3DBEA7D81D18F1C20006FE35 /* Release */,
			);
			defaultConfigurationIsVisible = 0;
			defaultConfigurationName = Release;
		};
		3DBEA7D91D18F1C20006FE35 /* Build configuration list for PBXNativeTarget "TipCalc" */ = {
			isa = XCConfigurationList;
			buildConfigurations = (
				3DBEA7DA1D18F1C20006FE35 /* Debug */,
				3DBEA7DB1D18F1C20006FE35 /* Release */,
			);
			defaultConfigurationIsVisible = 0;
		};
/* End XCConfigurationList section */
	};
	rootObject = 3DBEA7BF1D18F1C20006FE35 /* Project object */;
}
